
Microsoft Visual Studio Solution File, Format Version 12.00
Project("{FAE04EC0-301F-11D3-BF4B-00C04F79EFBC}") = "Grocery_Store_CSharp_Programming_Project", "Grocery_Store_CSharp_Programming_Project\Grocery_Store_CSharp_Programming_Project.csproj", "{07631D3A-CFFC-4AB6-8E2E-A39813247CF6}"
EndProject
Project("{FAE04EC0-301F-11D3-BF4B-00C04F79EFBC}") = "GroceryStore.Constants", "GroceryStore.Constants\GroceryStore.Constants.csproj", "{9EC34B9A-63AA-4F70-A9E3-EB93B6C0B46B}"
EndProject
Project("{FAE04EC0-301F-11D3-BF4B-00C04F79EFBC}") = "GroceryStore.Models", "GroceryStore.Models\GroceryStore.Models.csproj", "{9C8F33E9-B562-4030-B8AB-3BD19282ED0E}"
EndProject
Global
	GlobalSection(SolutionConfigurationPlatforms) = preSolution
		Debug|Any CPU = Debug|Any CPU
		Release|Any CPU = Release|Any CPU
	EndGlobalSection
	GlobalSection(ProjectConfigurationPlatforms) = postSolution
		{07631D3A-CFFC-4AB6-8E2E-A39813247CF6}.Debug|Any CPU.ActiveCfg = Debug|Any CPU
		{07631D3A-CFFC-4AB6-8E2E-A39813247CF6}.Debug|Any CPU.Build.0 = Debug|Any CPU
		{07631D3A-CFFC-4AB6-8E2E-A39813247CF6}.Release|Any CPU.ActiveCfg = Release|Any CPU
		{07631D3A-CFFC-4AB6-8E2E-A39813247CF6}.Release|Any CPU.Build.0 = Release|Any CPU
		{9EC34B9A-63AA-4F70-A9E3-EB93B6C0B46B}.Debug|Any CPU.ActiveCfg = Debug|Any CPU
		{9EC34B9A-63AA-4F70-A9E3-EB93B6C0B46B}.Debug|Any CPU.Build.0 = Debug|Any CPU
		{9EC34B9A-63AA-4F70-A9E3-EB93B6C0B46B}.Release|Any CPU.ActiveCfg = Release|Any CPU
		{9EC34B9A-63AA-4F70-A9E3-EB93B6C0B46B}.Release|Any CPU.Build.0 = Release|Any CPU
		{9C8F33E9-B562-4030-B8AB-3BD19282ED0E}.Debug|Any CPU.ActiveCfg = Debug|Any CPU
		{9C8F33E9-B562-4030-B8AB-3BD19282ED0E}.Debug|Any CPU.Build.0 = Debug|Any CPU
		{9C8F33E9-B562-4030-B8AB-3BD19282ED0E}.Release|Any CPU.ActiveCfg = Release|Any CPU
		{9C8F33E9-B562-4030-B8AB-3BD19282ED0E}.Release|Any CPU.Build.0 = Release|Any CPU
	EndGlobalSection
EndGlobal
